
Microsoft Visual Studio Solution File, Format Version 12.00
# Visual Studio Version 17
VisualStudioVersion = 17.10.34928.147
MinimumVisualStudioVersion = 10.0.40219.1
Project("{FAE04EC0-301F-11D3-BF4B-00C04F79EFBC}") = "OAuthLoginAPI", "OAuthLoginAPI\OAuthLoginAPI.csproj", "{FA225E51-5E9C-4A87-B757-C7C5BA4531E3}"
EndProject
Global
	GlobalSection(SolutionConfigurationPlatforms) = preSolution
		Debug|Any CPU = Debug|Any CPU
		Release|Any CPU = Release|Any CPU
	EndGlobalSection
	GlobalSection(ProjectConfigurationPlatforms) = postSolution
		{FA225E51-5E9C-4A87-B757-C7C5BA4531E3}.Debug|Any CPU.ActiveCfg = Debug|Any CPU
		{FA225E51-5E9C-4A87-B757-C7C5BA4531E3}.Debug|Any CPU.Build.0 = Debug|Any CPU
		{FA225E51-5E9C-4A87-B757-C7C5BA4531E3}.Release|Any CPU.ActiveCfg = Release|Any CPU
		{FA225E51-5E9C-4A87-B757-C7C5BA4531E3}.Release|Any CPU.Build.0 = Release|Any CPU
	EndGlobalSection
	GlobalSection(SolutionProperties) = preSolution
		HideSolutionNode = FALSE
	EndGlobalSection
	GlobalSection(ExtensibilityGlobals) = postSolution
		SolutionGuid = {D4939F2A-0DB4-4C94-87CA-C379CF0AA1A1}
	EndGlobalSection
EndGlobal
